
Microsoft Visual Studio Solution File, Format Version 12.00
# Visual Studio Version 17
VisualStudioVersion = 17.5.33502.453
MinimumVisualStudioVersion = 10.0.40219.1
Project("{FAE04EC0-301F-11D3-BF4B-00C04F79EFBC}") = "ClockTest", "ClockTest.csproj", "{0C20DD5D-3401-4F86-B6B4-7B0ABE932503}"
EndProject
Global
	GlobalSection(SolutionConfigurationPlatforms) = preSolution
		Debug|Any CPU = Debug|Any CPU
		Release|Any CPU = Release|Any CPU
	EndGlobalSection
	GlobalSection(ProjectConfigurationPlatforms) = postSolution
		{0C20DD5D-3401-4F86-B6B4-7B0ABE932503}.Debug|Any CPU.ActiveCfg = Debug|Any CPU
		{0C20DD5D-3401-4F86-B6B4-7B0ABE932503}.Debug|Any CPU.Build.0 = Debug|Any CPU
		{0C20DD5D-3401-4F86-B6B4-7B0ABE932503}.Release|Any CPU.ActiveCfg = Release|Any CPU
		{0C20DD5D-3401-4F86-B6B4-7B0ABE932503}.Release|Any CPU.Build.0 = Release|Any CPU
	EndGlobalSection
	GlobalSection(SolutionProperties) = preSolution
		HideSolutionNode = FALSE
	EndGlobalSection
	GlobalSection(ExtensibilityGlobals) = postSolution
		SolutionGuid = {EF6535DC-9A73-47BC-8B74-B874F5268DA9}
	EndGlobalSection
EndGlobal
